{
    "_readme": [
        "This file locks the dependencies of your project to a known state",
        "Read more about it at https://getcomposer.org/doc/01-basic-usage.md#installing-dependencies",
        "This file is @generated automatically"
    ],
    "content-hash": "37a5f1414ad84737be10b6cd6171c01a",
    "packages": [
        {
            "name": "wpbones/wpbones",
            "version": "0.9.8",
            "source": {
                "type": "git",
                "url": "https://github.com/wpbones/WPBones.git",
                "reference": "317f32b5ef6142ad9a6776da1b4f09034f2be2a3"
            },
            "dist": {
                "type": "zip",
                "url": "https://api.github.com/repos/wpbones/WPBones/zipball/317f32b5ef6142ad9a6776da1b4f09034f2be2a3",
                "reference": "317f32b5ef6142ad9a6776da1b4f09034f2be2a3",
                "shasum": ""
            },
            "require": {
                "php": ">=5.5.9"
            },
            "type": "library",
            "autoload": {
                "psr-4": {
                    "WPKirk\\WPBones\\": "src/"
                },
                "files": [
                    "src/helpers.php"
                ]
            },
            "notification-url": "https://packagist.org/downloads/",
            "license": [
                "GPL-3.0"
            ],
            "authors": [
                {
                    "name": "Giovambattista Fazioli",
                    "email": "giovambattista.fazioli@gmail.com",
                    "homepage": "http://undolog.com"
                }
            ],
            "description": "WordPress framework for Laravel developers",
            "homepage": "https://github.com/wpbones/wpbones",
            "keywords": [
                "framework",
                "laravel",
                "plugins",
                "themes",
                "wordpress",
                "wpbones"
            ],
            "time": "2018-06-21T12:16:33+00:00"
        }
    ],
    "packages-dev": [],
    "aliases": [],
    "minimum-stability": "stable",
    "stability-flags": [],
    "prefer-stable": false,
    "prefer-lowest": false,
    "platform": {
        "php": ">=5.5.9"
    },
    "platform-dev": []
}
